{
  "name": "chat_app",
  "version": "1.0.0",
  "lockfileVersion": 2,
  "requires": true,
  "packages": {
    "": {
      "name": "chat_app",
      "version": "1.0.0",
      "license": "ISC",
      "dependencies": {
        "cors": "npm:undefined@*"
      }
    },
    "node_modules/cors": {}
  },
  "dependencies": {
    "cors": {}
  }
}
